// !$*UTF8*$!
{
	archiveVersion = 1;
	classes = {
	};
	objectVersion = 50;
	objects = {

/* Begin PBXBuildFile section */
		3BE6232A261E47E3009ED23D /* Tests_iOS.swift in Sources */ = {isa = PBXBuildFile; fileRef = 3BE62329261E47E3009ED23D /* Tests_iOS.swift */; };
		3BE62335261E47E3009ED23D /* Tests_macOS.swift in Sources */ = {isa = PBXBuildFile; fileRef = 3BE62334261E47E3009ED23D /* Tests_macOS.swift */; };
		3BE62337261E47E3009ED23D /* week12App.swift in Sources */ = {isa = PBXBuildFile; fileRef = 3BE6230E261E47DE009ED23D /* week12App.swift */; };
		3BE62338261E47E3009ED23D /* week12App.swift in Sources */ = {isa = PBXBuildFile; fileRef = 3BE6230E261E47DE009ED23D /* week12App.swift */; };
		3BE62339261E47E3009ED23D /* ContentView.swift in Sources */ = {isa = PBXBuildFile; fileRef = 3BE6230F261E47DE009ED23D /* ContentView.swift */; };
		3BE6233A261E47E3009ED23D /* ContentView.swift in Sources */ = {isa = PBXBuildFile; fileRef = 3BE6230F261E47DE009ED23D /* ContentView.swift */; };
		3BE6233B261E47E3009ED23D /* Assets.xcassets in Resources */ = {isa = PBXBuildFile; fileRef = 3BE62310261E47E2009ED23D /* Assets.xcassets */; };
		3BE6233C261E47E3009ED23D /* Assets.xcassets in Resources */ = {isa = PBXBuildFile; fileRef = 3BE62310261E47E2009ED23D /* Assets.xcassets */; };
		3BE62367261EAA56009ED23D /* listStyle.swift in Sources */ = {isa = PBXBuildFile; fileRef = 3BE62366261EAA56009ED23D /* listStyle.swift */; };
		3BE62368261EAA56009ED23D /* listStyle.swift in Sources */ = {isa = PBXBuildFile; fileRef = 3BE62366261EAA56009ED23D /* listStyle.swift */; };
		3BE623CE261FDA0A009ED23D /* candidateInfo.swift in Sources */ = {isa = PBXBuildFile; fileRef = 3BE623CD261FDA0A009ED23D /* candidateInfo.swift */; };
		3BE623CF261FDA0A009ED23D /* candidateInfo.swift in Sources */ = {isa = PBXBuildFile; fileRef = 3BE623CD261FDA0A009ED23D /* candidateInfo.swift */; };
		3BE623D5261FDAB8009ED23D /* modal.swift in Sources */ = {isa = PBXBuildFile; fileRef = 3BE623D4261FDAB8009ED23D /* modal.swift */; };
		3BE623D6261FDAB8009ED23D /* modal.swift in Sources */ = {isa = PBXBuildFile; fileRef = 3BE623D4261FDAB8009ED23D /* modal.swift */; };
		3BE623E0261FDD76009ED23D /* secondList.swift in Sources */ = {isa = PBXBuildFile; fileRef = 3BE623DF261FDD76009ED23D /* secondList.swift */; };
		3BE623E1261FDD76009ED23D /* secondList.swift in Sources */ = {isa = PBXBuildFile; fileRef = 3BE623DF261FDD76009ED23D /* secondList.swift */; };
/* End PBXBuildFile section */

/* Begin PBXContainerItemProxy section */
		3BE62326261E47E2009ED23D /* PBXContainerItemProxy */ = {
			isa = PBXContainerItemProxy;
			containerPortal = 3BE62309261E47DE009ED23D /* Project object */;
			proxyType = 1;
			remoteGlobalIDString = 3BE62314261E47E2009ED23D;
			remoteInfo = "week12 (iOS)";
		};
		3BE62331261E47E3009ED23D /* PBXContainerItemProxy */ = {
			isa = PBXContainerItemProxy;
			containerPortal = 3BE62309261E47DE009ED23D /* Project object */;
			proxyType = 1;
			remoteGlobalIDString = 3BE6231C261E47E2009ED23D;
			remoteInfo = "week12 (macOS)";
		};
/* End PBXContainerItemProxy section */

/* Begin PBXFileReference section */
		3BE6230E261E47DE009ED23D /* week12App.swift */ = {isa = PBXFileReference; lastKnownFileType = sourcecode.swift; path = week12App.swift; sourceTree = "<group>"; };
		3BE6230F261E47DE009ED23D /* ContentView.swift */ = {isa = PBXFileReference; lastKnownFileType = sourcecode.swift; path = ContentView.swift; sourceTree = "<group>"; };
		3BE62310261E47E2009ED23D /* Assets.xcassets */ = {isa = PBXFileReference; lastKnownFileType = folder.assetcatalog; path = Assets.xcassets; sourceTree = "<group>"; };
		3BE62315261E47E2009ED23D /* week12.app */ = {isa = PBXFileReference; explicitFileType = wrapper.application; includeInIndex = 0; path = week12.app; sourceTree = BUILT_PRODUCTS_DIR; };
		3BE62318261E47E2009ED23D /* Info.plist */ = {isa = PBXFileReference; lastKnownFileType = text.plist.xml; path = Info.plist; sourceTree = "<group>"; };
		3BE6231D261E47E2009ED23D /* week12.app */ = {isa = PBXFileReference; explicitFileType = wrapper.application; includeInIndex = 0; path = week12.app; sourceTree = BUILT_PRODUCTS_DIR; };
		3BE6231F261E47E2009ED23D /* Info.plist */ = {isa = PBXFileReference; lastKnownFileType = text.plist.xml; path = Info.plist; sourceTree = "<group>"; };
		3BE62320261E47E2009ED23D /* macOS.entitlements */ = {isa = PBXFileReference; lastKnownFileType = text.plist.entitlements; path = macOS.entitlements; sourceTree = "<group>"; };
		3BE62325261E47E2009ED23D /* Tests iOS.xctest */ = {isa = PBXFileReference; explicitFileType = wrapper.cfbundle; includeInIndex = 0; path = "Tests iOS.xctest"; sourceTree = BUILT_PRODUCTS_DIR; };
		3BE62329261E47E3009ED23D /* Tests_iOS.swift */ = {isa = PBXFileReference; lastKnownFileType = sourcecode.swift; path = Tests_iOS.swift; sourceTree = "<group>"; };
		3BE6232B261E47E3009ED23D /* Info.plist */ = {isa = PBXFileReference; lastKnownFileType = text.plist.xml; path = Info.plist; sourceTree = "<group>"; };
		3BE62330261E47E3009ED23D /* Tests macOS.xctest */ = {isa = PBXFileReference; explicitFileType = wrapper.cfbundle; includeInIndex = 0; path = "Tests macOS.xctest"; sourceTree = BUILT_PRODUCTS_DIR; };
		3BE62334261E47E3009ED23D /* Tests_macOS.swift */ = {isa = PBXFileReference; lastKnownFileType = sourcecode.swift; path = Tests_macOS.swift; sourceTree = "<group>"; };
		3BE62336261E47E3009ED23D /* Info.plist */ = {isa = PBXFileReference; lastKnownFileType = text.plist.xml; path = Info.plist; sourceTree = "<group>"; };
		3BE62366261EAA56009ED23D /* listStyle.swift */ = {isa = PBXFileReference; lastKnownFileType = sourcecode.swift; path = listStyle.swift; sourceTree = "<group>"; };
		3BE623CD261FDA0A009ED23D /* candidateInfo.swift */ = {isa = PBXFileReference; lastKnownFileType = sourcecode.swift; path = candidateInfo.swift; sourceTree = "<group>"; };
		3BE623D4261FDAB8009ED23D /* modal.swift */ = {isa = PBXFileReference; lastKnownFileType = sourcecode.swift; path = modal.swift; sourceTree = "<group>"; };
		3BE623DF261FDD76009ED23D /* secondList.swift */ = {isa = PBXFileReference; lastKnownFileType = sourcecode.swift; path = secondList.swift; sourceTree = "<group>"; };
/* End PBXFileReference section */

/* Begin PBXFrameworksBuildPhase section */
		3BE62312261E47E2009ED23D /* Frameworks */ = {
			isa = PBXFrameworksBuildPhase;
			buildActionMask = 2147483647;
			files = (
			);
			runOnlyForDeploymentPostprocessing = 0;
		};
		3BE6231A261E47E2009ED23D /* Frameworks */ = {
			isa = PBXFrameworksBuildPhase;
			buildActionMask = 2147483647;
			files = (
			);
			runOnlyForDeploymentPostprocessing = 0;
		};
		3BE62322261E47E2009ED23D /* Frameworks */ = {
			isa = PBXFrameworksBuildPhase;
			buildActionMask = 2147483647;
			files = (
			);
			runOnlyForDeploymentPostprocessing = 0;
		};
		3BE6232D261E47E3009ED23D /* Frameworks */ = {
			isa = PBXFrameworksBuildPhase;
			buildActionMask = 2147483647;
			files = (
			);
			runOnlyForDeploymentPostprocessing = 0;
		};
/* End PBXFrameworksBuildPhase section */

/* Begin PBXGroup section */
		3BE62308261E47DE009ED23D = {
			isa = PBXGroup;
			children = (
				3BE6230D261E47DE009ED23D /* Shared */,
				3BE62317261E47E2009ED23D /* iOS */,
				3BE6231E261E47E2009ED23D /* macOS */,
				3BE62328261E47E2009ED23D /* Tests iOS */,
				3BE62333261E47E3009ED23D /* Tests macOS */,
				3BE62316261E47E2009ED23D /* Products */,
			);
			sourceTree = "<group>";
		};
		3BE6230D261E47DE009ED23D /* Shared */ = {
			isa = PBXGroup;
			children = (
				3BE6230E261E47DE009ED23D /* week12App.swift */,
				3BE6230F261E47DE009ED23D /* ContentView.swift */,
				3BE62366261EAA56009ED23D /* listStyle.swift */,
				3BE623CD261FDA0A009ED23D /* candidateInfo.swift */,
				3BE62310261E47E2009ED23D /* Assets.xcassets */,
				3BE623D4261FDAB8009ED23D /* modal.swift */,
				3BE623DF261FDD76009ED23D /* secondList.swift */,
			);
			path = Shared;
			sourceTree = "<group>";
		};
		3BE62316261E47E2009ED23D /* Products */ = {
			isa = PBXGroup;
			children = (
				3BE62315261E47E2009ED23D /* week12.app */,
				3BE6231D261E47E2009ED23D /* week12.app */,
				3BE62325261E47E2009ED23D /* Tests iOS.xctest */,
				3BE62330261E47E3009ED23D /* Tests macOS.xctest */,
			);
			name = Products;
			sourceTree = "<group>";
		};
		3BE62317261E47E2009ED23D /* iOS */ = {
			isa = PBXGroup;
			children = (
				3BE62318261E47E2009ED23D /* Info.plist */,
			);
			path = iOS;
			sourceTree = "<group>";
		};
		3BE6231E261E47E2009ED23D /* macOS */ = {
			isa = PBXGroup;
			children = (
				3BE6231F261E47E2009ED23D /* Info.plist */,
				3BE62320261E47E2009ED23D /* macOS.entitlements */,
			);
			path = macOS;
			sourceTree = "<group>";
		};
		3BE62328261E47E2009ED23D /* Tests iOS */ = {
			isa = PBXGroup;
			children = (
				3BE62329261E47E3009ED23D /* Tests_iOS.swift */,
				3BE6232B261E47E3009ED23D /* Info.plist */,
			);
			path = "Tests iOS";
			sourceTree = "<group>";
		};
		3BE62333261E47E3009ED23D /* Tests macOS */ = {
			isa = PBXGroup;
			children = (
				3BE62334261E47E3009ED23D /* Tests_macOS.swift */,
				3BE62336261E47E3009ED23D /* Info.plist */,
			);
			path = "Tests macOS";
			sourceTree = "<group>";
		};
/* End PBXGroup section */

/* Begin PBXNativeTarget section */
		3BE62314261E47E2009ED23D /* week12 (iOS) */ = {
			isa = PBXNativeTarget;
			buildConfigurationList = 3BE6233F261E47E3009ED23D /* Build configuration list for PBXNativeTarget "week12 (iOS)" */;
			buildPhases = (
				3BE62311261E47E2009ED23D /* Sources */,
				3BE62312261E47E2009ED23D /* Frameworks */,
				3BE62313261E47E2009ED23D /* Resources */,
			);
			buildRules = (
			);
			dependencies = (
			);
			name = "week12 (iOS)";
			productName = "week12 (iOS)";
			productReference = 3BE62315261E47E2009ED23D /* week12.app */;
			productType = "com.apple.product-type.application";
		};
		3BE6231C261E47E2009ED23D /* week12 (macOS) */ = {
			isa = PBXNativeTarget;
			buildConfigurationList = 3BE62342261E47E3009ED23D /* Build configuration list for PBXNativeTarget "week12 (macOS)" */;
			buildPhases = (
				3BE62319261E47E2009ED23D /* Sources */,
				3BE6231A261E47E2009ED23D /* Frameworks */,
				3BE6231B261E47E2009ED23D /* Resources */,
			);
			buildRules = (
			);
			dependencies = (
			);
			name = "week12 (macOS)";
			productName = "week12 (macOS)";
			productReference = 3BE6231D261E47E2009ED23D /* week12.app */;
			productType = "com.apple.product-type.application";
		};
		3BE62324261E47E2009ED23D /* Tests iOS */ = {
			isa = PBXNativeTarget;
			buildConfigurationList = 3BE62345261E47E3009ED23D /* Build configuration list for PBXNativeTarget "Tests iOS" */;
			buildPhases = (
				3BE62321261E47E2009ED23D /* Sources */,
				3BE62322261E47E2009ED23D /* Frameworks */,
				3BE62323261E47E2009ED23D /* Resources */,
			);
			buildRules = (
			);
			dependencies = (
				3BE62327261E47E2009ED23D /* PBXTargetDependency */,
			);
			name = "Tests iOS";
			productName = "Tests iOS";
			productReference = 3BE62325261E47E2009ED23D /* Tests iOS.xctest */;
			productType = "com.apple.product-type.bundle.ui-testing";
		};
		3BE6232F261E47E3009ED23D /* Tests macOS */ = {
			isa = PBXNativeTarget;
			buildConfigurationList = 3BE62348261E47E3009ED23D /* Build configuration list for PBXNativeTarget "Tests macOS" */;
			buildPhases = (
				3BE6232C261E47E3009ED23D /* Sources */,
				3BE6232D261E47E3009ED23D /* Frameworks */,
				3BE6232E261E47E3009ED23D /* Resources */,
			);
			buildRules = (
			);
			dependencies = (
				3BE62332261E47E3009ED23D /* PBXTargetDependency */,
			);
			name = "Tests macOS";
			productName = "Tests macOS";
			productReference = 3BE62330261E47E3009ED23D /* Tests macOS.xctest */;
			productType = "com.apple.product-type.bundle.ui-testing";
		};
/* End PBXNativeTarget section */

/* Begin PBXProject section */
		3BE62309261E47DE009ED23D /* Project object */ = {
			isa = PBXProject;
			attributes = {
				LastSwiftUpdateCheck = 1230;
				LastUpgradeCheck = 1230;
				TargetAttributes = {
					3BE62314261E47E2009ED23D = {
						CreatedOnToolsVersion = 12.3;
					};
					3BE6231C261E47E2009ED23D = {
						CreatedOnToolsVersion = 12.3;
					};
					3BE62324261E47E2009ED23D = {
						CreatedOnToolsVersion = 12.3;
						TestTargetID = 3BE62314261E47E2009ED23D;
					};
					3BE6232F261E47E3009ED23D = {
						CreatedOnToolsVersion = 12.3;
						TestTargetID = 3BE6231C261E47E2009ED23D;
					};
				};
			};
			buildConfigurationList = 3BE6230C261E47DE009ED23D /* Build configuration list for PBXProject "week12" */;
			compatibilityVersion = "Xcode 9.3";
			developmentRegion = en;
			hasScannedForEncodings = 0;
			knownRegions = (
				en,
				Base,
			);
			mainGroup = 3BE62308261E47DE009ED23D;
			productRefGroup = 3BE62316261E47E2009ED23D /* Products */;
			projectDirPath = "";
			projectRoot = "";
			targets = (
				3BE62314261E47E2009ED23D /* week12 (iOS) */,
				3BE6231C261E47E2009ED23D /* week12 (macOS) */,
				3BE62324261E47E2009ED23D /* Tests iOS */,
				3BE6232F261E47E3009ED23D /* Tests macOS */,
			);
		};
/* End PBXProject section */

/* Begin PBXResourcesBuildPhase section */
		3BE62313261E47E2009ED23D /* Resources */ = {
			isa = PBXResourcesBuildPhase;
			buildActionMask = 2147483647;
			files = (
				3BE6233B261E47E3009ED23D /* Assets.xcassets in Resources */,
			);
			runOnlyForDeploymentPostprocessing = 0;
		};
		3BE6231B261E47E2009ED23D /* Resources */ = {
			isa = PBXResourcesBuildPhase;
			buildActionMask = 2147483647;
			files = (
				3BE6233C261E47E3009ED23D /* Assets.xcassets in Resources */,
			);
			runOnlyForDeploymentPostprocessing = 0;
		};
		3BE62323261E47E2009ED23D /* Resources */ = {
			isa = PBXResourcesBuildPhase;
			buildActionMask = 2147483647;
			files = (
			);
			runOnlyForDeploymentPostprocessing = 0;
		};
		3BE6232E261E47E3009ED23D /* Resources */ = {
			isa = PBXResourcesBuildPhase;
			buildActionMask = 2147483647;
			files = (
			);
			runOnlyForDeploymentPostprocessing = 0;
		};
/* End PBXResourcesBuildPhase section */

/* Begin PBXSourcesBuildPhase section */
		3BE62311261E47E2009ED23D /* Sources */ = {
			isa = PBXSourcesBuildPhase;
			buildActionMask = 2147483647;
			files = (
				3BE62339261E47E3009ED23D /* ContentView.swift in Sources */,
				3BE623D5261FDAB8009ED23D /* modal.swift in Sources */,
				3BE62337261E47E3009ED23D /* week12App.swift in Sources */,
				3BE623E0261FDD76009ED23D /* secondList.swift in Sources */,
				3BE623CE261FDA0A009ED23D /* candidateInfo.swift in Sources */,
				3BE62367261EAA56009ED23D /* listStyle.swift in Sources */,
			);
			runOnlyForDeploymentPostprocessing = 0;
		};
		3BE62319261E47E2009ED23D /* Sources */ = {
			isa = PBXSourcesBuildPhase;
			buildActionMask = 2147483647;
			files = (
				3BE6233A261E47E3009ED23D /* ContentView.swift in Sources */,
				3BE623D6261FDAB8009ED23D /* modal.swift in Sources */,
				3BE62338261E47E3009ED23D /* week12App.swift in Sources */,
				3BE623E1261FDD76009ED23D /* secondList.swift in Sources */,
				3BE623CF261FDA0A009ED23D /* candidateInfo.swift in Sources */,
				3BE62368261EAA56009ED23D /* listStyle.swift in Sources */,
			);
			runOnlyForDeploymentPostprocessing = 0;
		};
		3BE62321261E47E2009ED23D /* Sources */ = {
			isa = PBXSourcesBuildPhase;
			buildActionMask = 2147483647;
			files = (
				3BE6232A261E47E3009ED23D /* Tests_iOS.swift in Sources */,
			);
			runOnlyForDeploymentPostprocessing = 0;
		};
		3BE6232C261E47E3009ED23D /* Sources */ = {
			isa = PBXSourcesBuildPhase;
			buildActionMask = 2147483647;
			files = (
				3BE62335261E47E3009ED23D /* Tests_macOS.swift in Sources */,
			);
			runOnlyForDeploymentPostprocessing = 0;
		};
/* End PBXSourcesBuildPhase section */

/* Begin PBXTargetDependency section */
		3BE62327261E47E2009ED23D /* PBXTargetDependency */ = {
			isa = PBXTargetDependency;
			target = 3BE62314261E47E2009ED23D /* week12 (iOS) */;
			targetProxy = 3BE62326261E47E2009ED23D /* PBXContainerItemProxy */;
		};
		3BE62332261E47E3009ED23D /* PBXTargetDependency */ = {
			isa = PBXTargetDependency;
			target = 3BE6231C261E47E2009ED23D /* week12 (macOS) */;
			targetProxy = 3BE62331261E47E3009ED23D /* PBXContainerItemProxy */;
		};
/* End PBXTargetDependency section */

/* Begin XCBuildConfiguration section */
		3BE6233D261E47E3009ED23D /* Debug */ = {
			isa = XCBuildConfiguration;
			buildSettings = {
				ALWAYS_SEARCH_USER_PATHS = NO;
				CLANG_ANALYZER_NONNULL = YES;
				CLANG_ANALYZER_NUMBER_OBJECT_CONVERSION = YES_AGGRESSIVE;
				CLANG_CXX_LANGUAGE_STANDARD = "gnu++14";
				CLANG_CXX_LIBRARY = "libc++";
				CLANG_ENABLE_MODULES = YES;
				CLANG_ENABLE_OBJC_ARC = YES;
				CLANG_ENABLE_OBJC_WEAK = YES;
				CLANG_WARN_BLOCK_CAPTURE_AUTORELEASING = YES;
				CLANG_WARN_BOOL_CONVERSION = YES;
				CLANG_WARN_COMMA = YES;
				CLANG_WARN_CONSTANT_CONVERSION = YES;
				CLANG_WARN_DEPRECATED_OBJC_IMPLEMENTATIONS = YES;
				CLANG_WARN_DIRECT_OBJC_ISA_USAGE = YES_ERROR;
				CLANG_WARN_DOCUMENTATION_COMMENTS = YES;
				CLANG_WARN_EMPTY_BODY = YES;
				CLANG_WARN_ENUM_CONVERSION = YES;
				CLANG_WARN_INFINITE_RECURSION = YES;
				CLANG_WARN_INT_CONVERSION = YES;
				CLANG_WARN_NON_LITERAL_NULL_CONVERSION = YES;
				CLANG_WARN_OBJC_IMPLICIT_RETAIN_SELF = YES;
				CLANG_WARN_OBJC_LITERAL_CONVERSION = YES;
				CLANG_WARN_OBJC_ROOT_CLASS = YES_ERROR;
				CLANG_WARN_QUOTED_INCLUDE_IN_FRAMEWORK_HEADER = YES;
				CLANG_WARN_RANGE_LOOP_ANALYSIS = YES;
				CLANG_WARN_STRICT_PROTOTYPES = YES;
				CLANG_WARN_SUSPICIOUS_MOVE = YES;
				CLANG_WARN_UNGUARDED_AVAILABILITY = YES_AGGRESSIVE;
				CLANG_WARN_UNREACHABLE_CODE = YES;
				CLANG_WARN__DUPLICATE_METHOD_MATCH = YES;
				COPY_PHASE_STRIP = NO;
				DEBUG_INFORMATION_FORMAT = dwarf;
				ENABLE_STRICT_OBJC_MSGSEND = YES;
				ENABLE_TESTABILITY = YES;
				GCC_C_LANGUAGE_STANDARD = gnu11;
				GCC_DYNAMIC_NO_PIC = NO;
				GCC_NO_COMMON_BLOCKS = YES;
				GCC_OPTIMIZATION_LEVEL = 0;
				GCC_PREPROCESSOR_DEFINITIONS = (
					"DEBUG=1",
					"$(inherited)",
				);
				GCC_WARN_64_TO_32_BIT_CONVERSION = YES;
				GCC_WARN_ABOUT_RETURN_TYPE = YES_ERROR;
				GCC_WARN_UNDECLARED_SELECTOR = YES;
				GCC_WARN_UNINITIALIZED_AUTOS = YES_AGGRESSIVE;
				GCC_WARN_UNUSED_FUNCTION = YES;
				GCC_WARN_UNUSED_VARIABLE = YES;
				MTL_ENABLE_DEBUG_INFO = INCLUDE_SOURCE;
				MTL_FAST_MATH = YES;
				ONLY_ACTIVE_ARCH = YES;
				SWIFT_ACTIVE_COMPILATION_CONDITIONS = DEBUG;
				SWIFT_OPTIMIZATION_LEVEL = "-Onone";
			};
			name = Debug;
		};
		3BE6233E261E47E3009ED23D /* Release */ = {
			isa = XCBuildConfiguration;
			buildSettings = {
				ALWAYS_SEARCH_USER_PATHS = NO;
				CLANG_ANALYZER_NONNULL = YES;
				CLANG_ANALYZER_NUMBER_OBJECT_CONVERSION = YES_AGGRESSIVE;
				CLANG_CXX_LANGUAGE_STANDARD = "gnu++14";
				CLANG_CXX_LIBRARY = "libc++";
				CLANG_ENABLE_MODULES = YES;
				CLANG_ENABLE_OBJC_ARC = YES;
				CLANG_ENABLE_OBJC_WEAK = YES;
				CLANG_WARN_BLOCK_CAPTURE_AUTORELEASING = YES;
				CLANG_WARN_BOOL_CONVERSION = YES;
				CLANG_WARN_COMMA = YES;
				CLANG_WARN_CONSTANT_CONVERSION = YES;
				CLANG_WARN_DEPRECATED_OBJC_IMPLEMENTATIONS = YES;
				CLANG_WARN_DIRECT_OBJC_ISA_USAGE = YES_ERROR;
				CLANG_WARN_DOCUMENTATION_COMMENTS = YES;
				CLANG_WARN_EMPTY_BODY = YES;
				CLANG_WARN_ENUM_CONVERSION = YES;
				CLANG_WARN_INFINITE_RECURSION = YES;
				CLANG_WARN_INT_CONVERSION = YES;
				CLANG_WARN_NON_LITERAL_NULL_CONVERSION = YES;
				CLANG_WARN_OBJC_IMPLICIT_RETAIN_SELF = YES;
				CLANG_WARN_OBJC_LITERAL_CONVERSION = YES;
				CLANG_WARN_OBJC_ROOT_CLASS = YES_ERROR;
				CLANG_WARN_QUOTED_INCLUDE_IN_FRAMEWORK_HEADER = YES;
				CLANG_WARN_RANGE_LOOP_ANALYSIS = YES;
				CLANG_WARN_STRICT_PROTOTYPES = YES;
				CLANG_WARN_SUSPICIOUS_MOVE = YES;
				CLANG_WARN_UNGUARDED_AVAILABILITY = YES_AGGRESSIVE;
				CLANG_WARN_UNREACHABLE_CODE = YES;
				CLANG_WARN__DUPLICATE_METHOD_MATCH = YES;
				COPY_PHASE_STRIP = NO;
				DEBUG_INFORMATION_FORMAT = "dwarf-with-dsym";
				ENABLE_NS_ASSERTIONS = NO;
				ENABLE_STRICT_OBJC_MSGSEND = YES;
				GCC_C_LANGUAGE_STANDARD = gnu11;
				GCC_NO_COMMON_BLOCKS = YES;
				GCC_WARN_64_TO_32_BIT_CONVERSION = YES;
				GCC_WARN_ABOUT_RETURN_TYPE = YES_ERROR;
				GCC_WARN_UNDECLARED_SELECTOR = YES;
				GCC_WARN_UNINITIALIZED_AUTOS = YES_AGGRESSIVE;
				GCC_WARN_UNUSED_FUNCTION = YES;
				GCC_WARN_UNUSED_VARIABLE = YES;
				MTL_ENABLE_DEBUG_INFO = NO;
				MTL_FAST_MATH = YES;
				SWIFT_COMPILATION_MODE = wholemodule;
				SWIFT_OPTIMIZATION_LEVEL = "-O";
			};
			name = Release;
		};
		3BE62340261E47E3009ED23D /* Debug */ = {
			isa = XCBuildConfiguration;
			buildSettings = {
				ASSETCATALOG_COMPILER_APPICON_NAME = AppIcon;
				ASSETCATALOG_COMPILER_GLOBAL_ACCENT_COLOR_NAME = AccentColor;
				CODE_SIGN_STYLE = Automatic;
				ENABLE_PREVIEWS = YES;
				INFOPLIST_FILE = iOS/Info.plist;
				IPHONEOS_DEPLOYMENT_TARGET = 14.0;
				LD_RUNPATH_SEARCH_PATHS = (
					"$(inherited)",
					"@executable_path/Frameworks",
				);
				PRODUCT_BUNDLE_IDENTIFIER = com.hyemibyun.week12;
				PRODUCT_NAME = week12;
				SDKROOT = iphoneos;
				SWIFT_VERSION = 5.0;
				TARGETED_DEVICE_FAMILY = "1,2";
			};
			name = Debug;
		};
		3BE62341261E47E3009ED23D /* Release */ = {
			isa = XCBuildConfiguration;
			buildSettings = {
				ASSETCATALOG_COMPILER_APPICON_NAME = AppIcon;
				ASSETCATALOG_COMPILER_GLOBAL_ACCENT_COLOR_NAME = AccentColor;
				CODE_SIGN_STYLE = Automatic;
				ENABLE_PREVIEWS = YES;
				INFOPLIST_FILE = iOS/Info.plist;
				IPHONEOS_DEPLOYMENT_TARGET = 14.0;
				LD_RUNPATH_SEARCH_PATHS = (
					"$(inherited)",
					"@executable_path/Frameworks",
				);
				PRODUCT_BUNDLE_IDENTIFIER = com.hyemibyun.week12;
				PRODUCT_NAME = week12;
				SDKROOT = iphoneos;
				SWIFT_VERSION = 5.0;
				TARGETED_DEVICE_FAMILY = "1,2";
				VALIDATE_PRODUCT = YES;
			};
			name = Release;
		};
		3BE62343261E47E3009ED23D /* Debug */ = {
			isa = XCBuildConfiguration;
			buildSettings = {
				ASSETCATALOG_COMPILER_APPICON_NAME = AppIcon;
				ASSETCATALOG_COMPILER_GLOBAL_ACCENT_COLOR_NAME = AccentColor;
				CODE_SIGN_ENTITLEMENTS = macOS/macOS.entitlements;
				CODE_SIGN_STYLE = Automatic;
				COMBINE_HIDPI_IMAGES = YES;
				ENABLE_PREVIEWS = YES;
				INFOPLIST_FILE = macOS/Info.plist;
				LD_RUNPATH_SEARCH_PATHS = (
					"$(inherited)",
					"@executable_path/../Frameworks",
				);
				MACOSX_DEPLOYMENT_TARGET = 11.0;
				PRODUCT_BUNDLE_IDENTIFIER = com.hyemibyun.week12;
				PRODUCT_NAME = week12;
				SDKROOT = macosx;
				SWIFT_VERSION = 5.0;
			};
			name = Debug;
		};
		3BE62344261E47E3009ED23D /* Release */ = {
			isa = XCBuildConfiguration;
			buildSettings = {
				ASSETCATALOG_COMPILER_APPICON_NAME = AppIcon;
				ASSETCATALOG_COMPILER_GLOBAL_ACCENT_COLOR_NAME = AccentColor;
				CODE_SIGN_ENTITLEMENTS = macOS/macOS.entitlements;
				CODE_SIGN_STYLE = Automatic;
				COMBINE_HIDPI_IMAGES = YES;
				ENABLE_PREVIEWS = YES;
				INFOPLIST_FILE = macOS/Info.plist;
				LD_RUNPATH_SEARCH_PATHS = (
					"$(inherited)",
					"@executable_path/../Frameworks",
				);
				MACOSX_DEPLOYMENT_TARGET = 11.0;
				PRODUCT_BUNDLE_IDENTIFIER = com.hyemibyun.week12;
				PRODUCT_NAME = week12;
				SDKROOT = macosx;
				SWIFT_VERSION = 5.0;
			};
			name = Release;
		};
		3BE62346261E47E3009ED23D /* Debug */ = {
			isa = XCBuildConfiguration;
			buildSettings = {
				ALWAYS_EMBED_SWIFT_STANDARD_LIBRARIES = YES;
				CODE_SIGN_STYLE = Automatic;
				INFOPLIST_FILE = "Tests iOS/Info.plist";
				IPHONEOS_DEPLOYMENT_TARGET = 14.3;
				LD_RUNPATH_SEARCH_PATHS = (
					"$(inherited)",
					"@executable_path/Frameworks",
					"@loader_path/Frameworks",
				);
				PRODUCT_BUNDLE_IDENTIFIER = "com.hyemibyun.Tests-iOS";
				PRODUCT_NAME = "$(TARGET_NAME)";
				SDKROOT = iphoneos;
				SWIFT_VERSION = 5.0;
				TARGETED_DEVICE_FAMILY = "1,2";
				TEST_TARGET_NAME = "week12 (iOS)";
			};
			name = Debug;
		};
		3BE62347261E47E3009ED23D /* Release */ = {
			isa = XCBuildConfiguration;
			buildSettings = {
				ALWAYS_EMBED_SWIFT_STANDARD_LIBRARIES = YES;
				CODE_SIGN_STYLE = Automatic;
				INFOPLIST_FILE = "Tests iOS/Info.plist";
				IPHONEOS_DEPLOYMENT_TARGET = 14.3;
				LD_RUNPATH_SEARCH_PATHS = (
					"$(inherited)",
					"@executable_path/Frameworks",
					"@loader_path/Frameworks",
				);
				PRODUCT_BUNDLE_IDENTIFIER = "com.hyemibyun.Tests-iOS";
				PRODUCT_NAME = "$(TARGET_NAME)";
				SDKROOT = iphoneos;
				SWIFT_VERSION = 5.0;
				TARGETED_DEVICE_FAMILY = "1,2";
				TEST_TARGET_NAME = "week12 (iOS)";
				VALIDATE_PRODUCT = YES;
			};
			name = Release;
		};
		3BE62349261E47E3009ED23D /* Debug */ = {
			isa = XCBuildConfiguration;
			buildSettings = {
				ALWAYS_EMBED_SWIFT_STANDARD_LIBRARIES = YES;
				CODE_SIGN_STYLE = Automatic;
				COMBINE_HIDPI_IMAGES = YES;
				INFOPLIST_FILE = "Tests macOS/Info.plist";
				LD_RUNPATH_SEARCH_PATHS = (
					"$(inherited)",
					"@executable_path/../Frameworks",
					"@loader_path/../Frameworks",
				);
				MACOSX_DEPLOYMENT_TARGET = 11.1;
				PRODUCT_BUNDLE_IDENTIFIER = "com.hyemibyun.Tests-macOS";
				PRODUCT_NAME = "$(TARGET_NAME)";
				SDKROOT = macosx;
				SWIFT_VERSION = 5.0;
				TEST_TARGET_NAME = "week12 (macOS)";
			};
			name = Debug;
		};
		3BE6234A261E47E3009ED23D /* Release */ = {
			isa = XCBuildConfiguration;
			buildSettings = {
				ALWAYS_EMBED_SWIFT_STANDARD_LIBRARIES = YES;
				CODE_SIGN_STYLE = Automatic;
				COMBINE_HIDPI_IMAGES = YES;
				INFOPLIST_FILE = "Tests macOS/Info.plist";
				LD_RUNPATH_SEARCH_PATHS = (
					"$(inherited)",
					"@executable_path/../Frameworks",
					"@loader_path/../Frameworks",
				);
				MACOSX_DEPLOYMENT_TARGET = 11.1;
				PRODUCT_BUNDLE_IDENTIFIER = "com.hyemibyun.Tests-macOS";
				PRODUCT_NAME = "$(TARGET_NAME)";
				SDKROOT = macosx;
				SWIFT_VERSION = 5.0;
				TEST_TARGET_NAME = "week12 (macOS)";
			};
			name = Release;
		};
/* End XCBuildConfiguration section */

/* Begin XCConfigurationList section */
		3BE6230C261E47DE009ED23D /* Build configuration list for PBXProject "week12" */ = {
			isa = XCConfigurationList;
			buildConfigurations = (
				3BE6233D261E47E3009ED23D /* Debug */,
				3BE6233E261E47E3009ED23D /* Release */,
			);
			defaultConfigurationIsVisible = 0;
			defaultConfigurationName = Release;
		};
		3BE6233F261E47E3009ED23D /* Build configuration list for PBXNativeTarget "week12 (iOS)" */ = {
			isa = XCConfigurationList;
			buildConfigurations = (
				3BE62340261E47E3009ED23D /* Debug */,
				3BE62341261E47E3009ED23D /* Release */,
			);
			defaultConfigurationIsVisible = 0;
			defaultConfigurationName = Release;
		};
		3BE62342261E47E3009ED23D /* Build configuration list for PBXNativeTarget "week12 (macOS)" */ = {
			isa = XCConfigurationList;
			buildConfigurations = (
				3BE62343261E47E3009ED23D /* Debug */,
				3BE62344261E47E3009ED23D /* Release */,
			);
			defaultConfigurationIsVisible = 0;
			defaultConfigurationName = Release;
		};
		3BE62345261E47E3009ED23D /* Build configuration list for PBXNativeTarget "Tests iOS" */ = {
			isa = XCConfigurationList;
			buildConfigurations = (
				3BE62346261E47E3009ED23D /* Debug */,
				3BE62347261E47E3009ED23D /* Release */,
			);
			defaultConfigurationIsVisible = 0;
			defaultConfigurationName = Release;
		};
		3BE62348261E47E3009ED23D /* Build configuration list for PBXNativeTarget "Tests macOS" */ = {
			isa = XCConfigurationList;
			buildConfigurations = (
				3BE62349261E47E3009ED23D /* Debug */,
				3BE6234A261E47E3009ED23D /* Release */,
			);
			defaultConfigurationIsVisible = 0;
			defaultConfigurationName = Release;
		};
/* End XCConfigurationList section */
	};
	rootObject = 3BE62309261E47DE009ED23D /* Project object */;
}
